// !$*UTF8*$!
{
	archiveVersion = 1;
	classes = {
	};
	objectVersion = 52;
	objects = {

/* Begin PBXBuildFile section */
		0A0118242343C62C00AEC9FE /* AssetFonts.swift in Sources */ = {isa = PBXBuildFile; fileRef = 0A0118232343C62C00AEC9FE /* AssetFonts.swift */; };
		0A0118262343F46F00AEC9FE /* SignUp.swift in Sources */ = {isa = PBXBuildFile; fileRef = 0A0118252343F46F00AEC9FE /* SignUp.swift */; };
		0A0118282343F72A00AEC9FE /* MockSignUpProxy.swift in Sources */ = {isa = PBXBuildFile; fileRef = 0A0118272343F72A00AEC9FE /* MockSignUpProxy.swift */; };
		0A0C2B312364EDDD00D0A059 /* SearchResponse.swift in Sources */ = {isa = PBXBuildFile; fileRef = 0A0C2B302364EDDD00D0A059 /* SearchResponse.swift */; };
		0A0C2B342364F2E000D0A059 /* URLImage in Frameworks */ = {isa = PBXBuildFile; productRef = 0A0C2B332364F2E000D0A059 /* URLImage */; };
		0A0C2B362364F32E00D0A059 /* StringExtensions.swift in Sources */ = {isa = PBXBuildFile; fileRef = 0A0C2B352364F32E00D0A059 /* StringExtensions.swift */; };
		0A4719B4234F7A6B00EA0C04 /* SearchView.swift in Sources */ = {isa = PBXBuildFile; fileRef = 0A4719B3234F7A6B00EA0C04 /* SearchView.swift */; };
		0A4719B6234F895300EA0C04 /* SearchViewModel.swift in Sources */ = {isa = PBXBuildFile; fileRef = 0A4719B5234F895300EA0C04 /* SearchViewModel.swift */; };
		0A4719B8234F8FA100EA0C04 /* SearchService.swift in Sources */ = {isa = PBXBuildFile; fileRef = 0A4719B7234F8FA100EA0C04 /* SearchService.swift */; };
		0A4719BA234F9E6600EA0C04 /* Search.swift in Sources */ = {isa = PBXBuildFile; fileRef = 0A4719B9234F9E6600EA0C04 /* Search.swift */; };
		0A4719BC234F9E9D00EA0C04 /* MockSearchProxy.swift in Sources */ = {isa = PBXBuildFile; fileRef = 0A4719BB234F9E9D00EA0C04 /* MockSearchProxy.swift */; };
		0A482AE023404F74003FB54B /* BottomFab.swift in Sources */ = {isa = PBXBuildFile; fileRef = 0A482ADF23404F74003FB54B /* BottomFab.swift */; };
		0A482AE223405021003FB54B /* YourWishlistView.swift in Sources */ = {isa = PBXBuildFile; fileRef = 0A482AE123405021003FB54B /* YourWishlistView.swift */; };
		0A482AE4234051FD003FB54B /* YourWishlistViewModel.swift in Sources */ = {isa = PBXBuildFile; fileRef = 0A482AE3234051FD003FB54B /* YourWishlistViewModel.swift */; };
		0A482AE623411CDD003FB54B /* Wishlist.swift in Sources */ = {isa = PBXBuildFile; fileRef = 0A482AE523411CDD003FB54B /* Wishlist.swift */; };
		0A482AE92341407E003FB54B /* ArrayExtensions.swift in Sources */ = {isa = PBXBuildFile; fileRef = 0A482AE82341407E003FB54B /* ArrayExtensions.swift */; };
		0A482AF42342B328003FB54B /* AuthViewModel.swift in Sources */ = {isa = PBXBuildFile; fileRef = 0A482AF32342B328003FB54B /* AuthViewModel.swift */; };
		0A482AF62342B440003FB54B /* AuthFormView.swift in Sources */ = {isa = PBXBuildFile; fileRef = 0A482AF52342B440003FB54B /* AuthFormView.swift */; };
		0A482AFA2342B527003FB54B /* AuthState.swift in Sources */ = {isa = PBXBuildFile; fileRef = 0A482AF92342B527003FB54B /* AuthState.swift */; };
		0A482AFC2342B56F003FB54B /* LoginState.swift in Sources */ = {isa = PBXBuildFile; fileRef = 0A482AFB2342B56F003FB54B /* LoginState.swift */; };
		0A482AFE2342B581003FB54B /* SignUpState.swift in Sources */ = {isa = PBXBuildFile; fileRef = 0A482AFD2342B581003FB54B /* SignUpState.swift */; };
		0A4F1B08233D824700546749 /* AppDelegate.swift in Sources */ = {isa = PBXBuildFile; fileRef = 0A4F1B07233D824700546749 /* AppDelegate.swift */; };
		0A4F1B0A233D824700546749 /* SceneDelegate.swift in Sources */ = {isa = PBXBuildFile; fileRef = 0A4F1B09233D824700546749 /* SceneDelegate.swift */; };
		0A4F1B0C233D824700546749 /* HomeView.swift in Sources */ = {isa = PBXBuildFile; fileRef = 0A4F1B0B233D824700546749 /* HomeView.swift */; };
		0A4F1B0E233D824700546749 /* Assets.xcassets in Resources */ = {isa = PBXBuildFile; fileRef = 0A4F1B0D233D824700546749 /* Assets.xcassets */; };
		0A4F1B11233D824700546749 /* Preview Assets.xcassets in Resources */ = {isa = PBXBuildFile; fileRef = 0A4F1B10233D824700546749 /* Preview Assets.xcassets */; };
		0A4F1B14233D824700546749 /* LaunchScreen.storyboard in Resources */ = {isa = PBXBuildFile; fileRef = 0A4F1B12233D824700546749 /* LaunchScreen.storyboard */; };
		0A4F1B1C233DAE1E00546749 /* GridView.swift in Sources */ = {isa = PBXBuildFile; fileRef = 0A4F1B1B233DAE1E00546749 /* GridView.swift */; };
		0A6C05402360D5B800728B81 /* NetworkError.swift in Sources */ = {isa = PBXBuildFile; fileRef = 0A6C053F2360D5B800728B81 /* NetworkError.swift */; };
		0A97A9092360DAB700A79D06 /* Request.swift in Sources */ = {isa = PBXBuildFile; fileRef = 0A97A9082360DAB700A79D06 /* Request.swift */; };
		0A9E91B7233E48540077CF5C /* Montserrat-Medium.ttf in Resources */ = {isa = PBXBuildFile; fileRef = 0A9E91B6233E48540077CF5C /* Montserrat-Medium.ttf */; };
		0A9E91BB233E95BD0077CF5C /* GridItemView.swift in Sources */ = {isa = PBXBuildFile; fileRef = 0A9E91BA233E95BD0077CF5C /* GridItemView.swift */; };
		0A9E91BF233F02B00077CF5C /* Circles.swift in Sources */ = {isa = PBXBuildFile; fileRef = 0A9E91BE233F02B00077CF5C /* Circles.swift */; };
		0AA0C007235E0D5300DDAAB3 /* ProxyFactory.swift in Sources */ = {isa = PBXBuildFile; fileRef = 0AA0C006235E0D5300DDAAB3 /* ProxyFactory.swift */; };
		0AA0C009235E1A2A00DDAAB3 /* ProxyFactoryProtocol.swift in Sources */ = {isa = PBXBuildFile; fileRef = 0AA0C008235E1A2A00DDAAB3 /* ProxyFactoryProtocol.swift */; };
		0AA0C00B235E1A4400DDAAB3 /* RealProxyFactory.swift in Sources */ = {isa = PBXBuildFile; fileRef = 0AA0C00A235E1A4400DDAAB3 /* RealProxyFactory.swift */; };
		0AA0C00D235E1B5D00DDAAB3 /* MockProxyFactory.swift in Sources */ = {isa = PBXBuildFile; fileRef = 0AA0C00C235E1B5D00DDAAB3 /* MockProxyFactory.swift */; };
		0AA0C010235E2B3400DDAAB3 /* LoginProxy.swift in Sources */ = {isa = PBXBuildFile; fileRef = 0AA0C00F235E2B3400DDAAB3 /* LoginProxy.swift */; };
		0AA0C012235E2B3E00DDAAB3 /* SignUpProxy.swift in Sources */ = {isa = PBXBuildFile; fileRef = 0AA0C011235E2B3E00DDAAB3 /* SignUpProxy.swift */; };
		0AA0C014235E2B4700DDAAB3 /* SearchProxy.swift in Sources */ = {isa = PBXBuildFile; fileRef = 0AA0C013235E2B4700DDAAB3 /* SearchProxy.swift */; };
		0AAAFC2F233FB19900059F07 /* LoadingIndicator.swift in Sources */ = {isa = PBXBuildFile; fileRef = 0AAAFC2E233FB19900059F07 /* LoadingIndicator.swift */; };
		0AAAFC32233FB4BB00059F07 /* AssetColors.swift in Sources */ = {isa = PBXBuildFile; fileRef = 0AAAFC31233FB4BB00059F07 /* AssetColors.swift */; };
		0AAAFC3B233FBA9200059F07 /* LoginService.swift in Sources */ = {isa = PBXBuildFile; fileRef = 0AAAFC3A233FBA9200059F07 /* LoginService.swift */; };
		0AAAFC3D233FBAB200059F07 /* SignUpService.swift in Sources */ = {isa = PBXBuildFile; fileRef = 0AAAFC3C233FBAB200059F07 /* SignUpService.swift */; };
		0AAAFC44233FC09400059F07 /* Login.swift in Sources */ = {isa = PBXBuildFile; fileRef = 0AAAFC43233FC09400059F07 /* Login.swift */; };
		0AAAFC48233FC10E00059F07 /* MockLoginProxy.swift in Sources */ = {isa = PBXBuildFile; fileRef = 0AAAFC47233FC10E00059F07 /* MockLoginProxy.swift */; };
		0AAAFC4B233FC1AD00059F07 /* User.swift in Sources */ = {isa = PBXBuildFile; fileRef = 0AAAFC4A233FC1AD00059F07 /* User.swift */; };
		0AAAFC4D233FC21100059F07 /* MockData.swift in Sources */ = {isa = PBXBuildFile; fileRef = 0AAAFC4C233FC21100059F07 /* MockData.swift */; };
		0AAAFC4F23403DCD00059F07 /* Item.swift in Sources */ = {isa = PBXBuildFile; fileRef = 0AAAFC4E23403DCD00059F07 /* Item.swift */; };
		0AAAFC5123403F1100059F07 /* CreateItem.swift in Sources */ = {isa = PBXBuildFile; fileRef = 0AAAFC5023403F1100059F07 /* CreateItem.swift */; };
		0AAAFC5323403F8800059F07 /* MockCreateItemProxy.swift in Sources */ = {isa = PBXBuildFile; fileRef = 0AAAFC5223403F8800059F07 /* MockCreateItemProxy.swift */; };
		0AAAFC55234040AB00059F07 /* CreateItemService.swift in Sources */ = {isa = PBXBuildFile; fileRef = 0AAAFC54234040AB00059F07 /* CreateItemService.swift */; };
		0ADC977C2350EC480053FB4B /* AuthView.swift in Sources */ = {isa = PBXBuildFile; fileRef = 0A9E91BC233E96360077CF5C /* AuthView.swift */; };
		0ADC977E2351102E0053FB4B /* SideMenu.swift in Sources */ = {isa = PBXBuildFile; fileRef = 0ADC977D2351102E0053FB4B /* SideMenu.swift */; };
		C379318F2E33256A4A575BCE /* Pods_Wishlist.framework in Frameworks */ = {isa = PBXBuildFile; fileRef = D63A7F4B69FB4D6CF3D91B12 /* Pods_Wishlist.framework */; };
/* End PBXBuildFile section */

/* Begin PBXFileReference section */
		0A0118232343C62C00AEC9FE /* AssetFonts.swift */ = {isa = PBXFileReference; lastKnownFileType = sourcecode.swift; path = AssetFonts.swift; sourceTree = "<group>"; };
		0A0118252343F46F00AEC9FE /* SignUp.swift */ = {isa = PBXFileReference; lastKnownFileType = sourcecode.swift; path = SignUp.swift; sourceTree = "<group>"; };
		0A0118272343F72A00AEC9FE /* MockSignUpProxy.swift */ = {isa = PBXFileReference; lastKnownFileType = sourcecode.swift; path = MockSignUpProxy.swift; sourceTree = "<group>"; };
		0A0C2B302364EDDD00D0A059 /* SearchResponse.swift */ = {isa = PBXFileReference; lastKnownFileType = sourcecode.swift; path = SearchResponse.swift; sourceTree = "<group>"; };
		0A0C2B352364F32E00D0A059 /* StringExtensions.swift */ = {isa = PBXFileReference; lastKnownFileType = sourcecode.swift; path = StringExtensions.swift; sourceTree = "<group>"; };
		0A4719B3234F7A6B00EA0C04 /* SearchView.swift */ = {isa = PBXFileReference; lastKnownFileType = sourcecode.swift; path = SearchView.swift; sourceTree = "<group>"; };
		0A4719B5234F895300EA0C04 /* SearchViewModel.swift */ = {isa = PBXFileReference; lastKnownFileType = sourcecode.swift; path = SearchViewModel.swift; sourceTree = "<group>"; };
		0A4719B7234F8FA100EA0C04 /* SearchService.swift */ = {isa = PBXFileReference; lastKnownFileType = sourcecode.swift; path = SearchService.swift; sourceTree = "<group>"; };
		0A4719B9234F9E6600EA0C04 /* Search.swift */ = {isa = PBXFileReference; lastKnownFileType = sourcecode.swift; path = Search.swift; sourceTree = "<group>"; };
		0A4719BB234F9E9D00EA0C04 /* MockSearchProxy.swift */ = {isa = PBXFileReference; lastKnownFileType = sourcecode.swift; path = MockSearchProxy.swift; sourceTree = "<group>"; };
		0A482ADF23404F74003FB54B /* BottomFab.swift */ = {isa = PBXFileReference; lastKnownFileType = sourcecode.swift; path = BottomFab.swift; sourceTree = "<group>"; };
		0A482AE123405021003FB54B /* YourWishlistView.swift */ = {isa = PBXFileReference; lastKnownFileType = sourcecode.swift; path = YourWishlistView.swift; sourceTree = "<group>"; };
		0A482AE3234051FD003FB54B /* YourWishlistViewModel.swift */ = {isa = PBXFileReference; lastKnownFileType = sourcecode.swift; path = YourWishlistViewModel.swift; sourceTree = "<group>"; };
		0A482AE523411CDD003FB54B /* Wishlist.swift */ = {isa = PBXFileReference; lastKnownFileType = sourcecode.swift; path = Wishlist.swift; sourceTree = "<group>"; };
		0A482AE82341407E003FB54B /* ArrayExtensions.swift */ = {isa = PBXFileReference; lastKnownFileType = sourcecode.swift; path = ArrayExtensions.swift; sourceTree = "<group>"; };
		0A482AF32342B328003FB54B /* AuthViewModel.swift */ = {isa = PBXFileReference; lastKnownFileType = sourcecode.swift; path = AuthViewModel.swift; sourceTree = "<group>"; };
		0A482AF52342B440003FB54B /* AuthFormView.swift */ = {isa = PBXFileReference; lastKnownFileType = sourcecode.swift; path = AuthFormView.swift; sourceTree = "<group>"; };
		0A482AF92342B527003FB54B /* AuthState.swift */ = {isa = PBXFileReference; lastKnownFileType = sourcecode.swift; path = AuthState.swift; sourceTree = "<group>"; };
		0A482AFB2342B56F003FB54B /* LoginState.swift */ = {isa = PBXFileReference; lastKnownFileType = sourcecode.swift; path = LoginState.swift; sourceTree = "<group>"; };
		0A482AFD2342B581003FB54B /* SignUpState.swift */ = {isa = PBXFileReference; lastKnownFileType = sourcecode.swift; path = SignUpState.swift; sourceTree = "<group>"; };
		0A4F1B04233D824700546749 /* Wishlist.app */ = {isa = PBXFileReference; explicitFileType = wrapper.application; includeInIndex = 0; path = Wishlist.app; sourceTree = BUILT_PRODUCTS_DIR; };
		0A4F1B07233D824700546749 /* AppDelegate.swift */ = {isa = PBXFileReference; lastKnownFileType = sourcecode.swift; path = AppDelegate.swift; sourceTree = "<group>"; };
		0A4F1B09233D824700546749 /* SceneDelegate.swift */ = {isa = PBXFileReference; lastKnownFileType = sourcecode.swift; path = SceneDelegate.swift; sourceTree = "<group>"; };
		0A4F1B0B233D824700546749 /* HomeView.swift */ = {isa = PBXFileReference; lastKnownFileType = sourcecode.swift; path = HomeView.swift; sourceTree = "<group>"; };
		0A4F1B0D233D824700546749 /* Assets.xcassets */ = {isa = PBXFileReference; lastKnownFileType = folder.assetcatalog; path = Assets.xcassets; sourceTree = "<group>"; };
		0A4F1B10233D824700546749 /* Preview Assets.xcassets */ = {isa = PBXFileReference; lastKnownFileType = folder.assetcatalog; path = "Preview Assets.xcassets"; sourceTree = "<group>"; };
		0A4F1B13233D824700546749 /* Base */ = {isa = PBXFileReference; lastKnownFileType = file.storyboard; name = Base; path = Base.lproj/LaunchScreen.storyboard; sourceTree = "<group>"; };
		0A4F1B15233D824700546749 /* Info.plist */ = {isa = PBXFileReference; lastKnownFileType = text.plist.xml; path = Info.plist; sourceTree = "<group>"; };
		0A4F1B1B233DAE1E00546749 /* GridView.swift */ = {isa = PBXFileReference; lastKnownFileType = sourcecode.swift; path = GridView.swift; sourceTree = "<group>"; };
		0A6C053F2360D5B800728B81 /* NetworkError.swift */ = {isa = PBXFileReference; fileEncoding = 4; lastKnownFileType = sourcecode.swift; path = NetworkError.swift; sourceTree = "<group>"; };
		0A97A9082360DAB700A79D06 /* Request.swift */ = {isa = PBXFileReference; lastKnownFileType = sourcecode.swift; path = Request.swift; sourceTree = "<group>"; };
		0A9E91B6233E48540077CF5C /* Montserrat-Medium.ttf */ = {isa = PBXFileReference; lastKnownFileType = file; path = "Montserrat-Medium.ttf"; sourceTree = "<group>"; };
		0A9E91BA233E95BD0077CF5C /* GridItemView.swift */ = {isa = PBXFileReference; lastKnownFileType = sourcecode.swift; path = GridItemView.swift; sourceTree = "<group>"; };
		0A9E91BC233E96360077CF5C /* AuthView.swift */ = {isa = PBXFileReference; lastKnownFileType = sourcecode.swift; path = AuthView.swift; sourceTree = "<group>"; };
		0A9E91BE233F02B00077CF5C /* Circles.swift */ = {isa = PBXFileReference; lastKnownFileType = sourcecode.swift; path = Circles.swift; sourceTree = "<group>"; };
		0AA0C006235E0D5300DDAAB3 /* ProxyFactory.swift */ = {isa = PBXFileReference; lastKnownFileType = sourcecode.swift; path = ProxyFactory.swift; sourceTree = "<group>"; };
		0AA0C008235E1A2A00DDAAB3 /* ProxyFactoryProtocol.swift */ = {isa = PBXFileReference; lastKnownFileType = sourcecode.swift; path = ProxyFactoryProtocol.swift; sourceTree = "<group>"; };
		0AA0C00A235E1A4400DDAAB3 /* RealProxyFactory.swift */ = {isa = PBXFileReference; lastKnownFileType = sourcecode.swift; path = RealProxyFactory.swift; sourceTree = "<group>"; };
		0AA0C00C235E1B5D00DDAAB3 /* MockProxyFactory.swift */ = {isa = PBXFileReference; lastKnownFileType = sourcecode.swift; path = MockProxyFactory.swift; sourceTree = "<group>"; };
		0AA0C00F235E2B3400DDAAB3 /* LoginProxy.swift */ = {isa = PBXFileReference; lastKnownFileType = sourcecode.swift; path = LoginProxy.swift; sourceTree = "<group>"; };
		0AA0C011235E2B3E00DDAAB3 /* SignUpProxy.swift */ = {isa = PBXFileReference; lastKnownFileType = sourcecode.swift; path = SignUpProxy.swift; sourceTree = "<group>"; };
		0AA0C013235E2B4700DDAAB3 /* SearchProxy.swift */ = {isa = PBXFileReference; lastKnownFileType = sourcecode.swift; path = SearchProxy.swift; sourceTree = "<group>"; };
		0AAAFC2E233FB19900059F07 /* LoadingIndicator.swift */ = {isa = PBXFileReference; lastKnownFileType = sourcecode.swift; path = LoadingIndicator.swift; sourceTree = "<group>"; };
		0AAAFC31233FB4BB00059F07 /* AssetColors.swift */ = {isa = PBXFileReference; lastKnownFileType = sourcecode.swift; path = AssetColors.swift; sourceTree = "<group>"; };
		0AAAFC3A233FBA9200059F07 /* LoginService.swift */ = {isa = PBXFileReference; lastKnownFileType = sourcecode.swift; path = LoginService.swift; sourceTree = "<group>"; };
		0AAAFC3C233FBAB200059F07 /* SignUpService.swift */ = {isa = PBXFileReference; lastKnownFileType = sourcecode.swift; path = SignUpService.swift; sourceTree = "<group>"; };
		0AAAFC43233FC09400059F07 /* Login.swift */ = {isa = PBXFileReference; lastKnownFileType = sourcecode.swift; path = Login.swift; sourceTree = "<group>"; };
		0AAAFC47233FC10E00059F07 /* MockLoginProxy.swift */ = {isa = PBXFileReference; lastKnownFileType = sourcecode.swift; path = MockLoginProxy.swift; sourceTree = "<group>"; };
		0AAAFC4A233FC1AD00059F07 /* User.swift */ = {isa = PBXFileReference; lastKnownFileType = sourcecode.swift; path = User.swift; sourceTree = "<group>"; };
		0AAAFC4C233FC21100059F07 /* MockData.swift */ = {isa = PBXFileReference; lastKnownFileType = sourcecode.swift; path = MockData.swift; sourceTree = "<group>"; };
		0AAAFC4E23403DCD00059F07 /* Item.swift */ = {isa = PBXFileReference; lastKnownFileType = sourcecode.swift; path = Item.swift; sourceTree = "<group>"; };
		0AAAFC5023403F1100059F07 /* CreateItem.swift */ = {isa = PBXFileReference; lastKnownFileType = sourcecode.swift; path = CreateItem.swift; sourceTree = "<group>"; };
		0AAAFC5223403F8800059F07 /* MockCreateItemProxy.swift */ = {isa = PBXFileReference; lastKnownFileType = sourcecode.swift; path = MockCreateItemProxy.swift; sourceTree = "<group>"; };
		0AAAFC54234040AB00059F07 /* CreateItemService.swift */ = {isa = PBXFileReference; lastKnownFileType = sourcecode.swift; path = CreateItemService.swift; sourceTree = "<group>"; };
		0ADC977D2351102E0053FB4B /* SideMenu.swift */ = {isa = PBXFileReference; lastKnownFileType = sourcecode.swift; path = SideMenu.swift; sourceTree = "<group>"; };
		0E91F7E1377140C1BCF75A51 /* Pods-Wishlist.release.xcconfig */ = {isa = PBXFileReference; includeInIndex = 1; lastKnownFileType = text.xcconfig; name = "Pods-Wishlist.release.xcconfig"; path = "Target Support Files/Pods-Wishlist/Pods-Wishlist.release.xcconfig"; sourceTree = "<group>"; };
		597BEBDADA30DCA8E1FBDDDE /* Pods-Wishlist.debug.xcconfig */ = {isa = PBXFileReference; includeInIndex = 1; lastKnownFileType = text.xcconfig; name = "Pods-Wishlist.debug.xcconfig"; path = "Target Support Files/Pods-Wishlist/Pods-Wishlist.debug.xcconfig"; sourceTree = "<group>"; };
		D63A7F4B69FB4D6CF3D91B12 /* Pods_Wishlist.framework */ = {isa = PBXFileReference; explicitFileType = wrapper.framework; includeInIndex = 0; path = Pods_Wishlist.framework; sourceTree = BUILT_PRODUCTS_DIR; };
/* End PBXFileReference section */

/* Begin PBXFrameworksBuildPhase section */
		0A4F1B01233D824700546749 /* Frameworks */ = {
			isa = PBXFrameworksBuildPhase;
			buildActionMask = 2147483647;
			files = (
				0A0C2B342364F2E000D0A059 /* URLImage in Frameworks */,
				C379318F2E33256A4A575BCE /* Pods_Wishlist.framework in Frameworks */,
			);
			runOnlyForDeploymentPostprocessing = 0;
		};
/* End PBXFrameworksBuildPhase section */

/* Begin PBXGroup section */
		0A482AE723414072003FB54B /* Extensions */ = {
			isa = PBXGroup;
			children = (
				0A482AE82341407E003FB54B /* ArrayExtensions.swift */,
				0A0C2B352364F32E00D0A059 /* StringExtensions.swift */,
			);
			path = Extensions;
			sourceTree = "<group>";
		};
		0A482AEA2342AB8E003FB54B /* Auth */ = {
			isa = PBXGroup;
			children = (
				0A9E91BC233E96360077CF5C /* AuthView.swift */,
				0A482AF52342B440003FB54B /* AuthFormView.swift */,
			);
			path = Auth;
			sourceTree = "<group>";
		};
		0A482AF82342B519003FB54B /* AuthState */ = {
			isa = PBXGroup;
			children = (
				0A482AF92342B527003FB54B /* AuthState.swift */,
				0A482AFB2342B56F003FB54B /* LoginState.swift */,
				0A482AFD2342B581003FB54B /* SignUpState.swift */,
			);
			path = AuthState;
			sourceTree = "<group>";
		};
		0A4F1AFB233D824700546749 = {
			isa = PBXGroup;
			children = (
				0A4F1B06233D824700546749 /* Wishlist */,
				0A4F1B05233D824700546749 /* Products */,
				2788BAEE939734A1E7D4B43A /* Frameworks */,
				82FF4C42FFDE83C44B72B7D7 /* Pods */,
			);
			sourceTree = "<group>";
		};
		0A4F1B05233D824700546749 /* Products */ = {
			isa = PBXGroup;
			children = (
				0A4F1B04233D824700546749 /* Wishlist.app */,
			);
			name = Products;
			sourceTree = "<group>";
		};
		0A4F1B06233D824700546749 /* Wishlist */ = {
			isa = PBXGroup;
			children = (
				0A482AE723414072003FB54B /* Extensions */,
				0AAAFC49233FC19200059F07 /* Models */,
				0AAAFC41233FC06C00059F07 /* Proxy */,
				0AAAFC37233FB9F400059F07 /* Services */,
				0AAAFC34233FB93300059F07 /* ViewModels */,
				0AAAFC33233FB8EE00059F07 /* ViewComponents */,
				0AAAFC30233FB4AE00059F07 /* Helpers */,
				0A9E91B8233E959E0077CF5C /* Views */,
				0A4F1B07233D824700546749 /* AppDelegate.swift */,
				0A4F1B09233D824700546749 /* SceneDelegate.swift */,
				0A4F1B0D233D824700546749 /* Assets.xcassets */,
				0A4F1B12233D824700546749 /* LaunchScreen.storyboard */,
				0A4F1B15233D824700546749 /* Info.plist */,
				0A9E91B5233E48340077CF5C /* fonts */,
				0A4F1B0F233D824700546749 /* Preview Content */,
			);
			path = Wishlist;
			sourceTree = "<group>";
		};
		0A4F1B0F233D824700546749 /* Preview Content */ = {
			isa = PBXGroup;
			children = (
				0A4F1B10233D824700546749 /* Preview Assets.xcassets */,
			);
			path = "Preview Content";
			sourceTree = "<group>";
		};
		0A9E91B5233E48340077CF5C /* fonts */ = {
			isa = PBXGroup;
			children = (
				0A9E91B6233E48540077CF5C /* Montserrat-Medium.ttf */,
			);
			path = fonts;
			sourceTree = "<group>";
		};
		0A9E91B8233E959E0077CF5C /* Views */ = {
			isa = PBXGroup;
			children = (
				0A482AEA2342AB8E003FB54B /* Auth */,
				0A4F1B0B233D824700546749 /* HomeView.swift */,
				0A482AE123405021003FB54B /* YourWishlistView.swift */,
				0A4719B3234F7A6B00EA0C04 /* SearchView.swift */,
			);
			path = Views;
			sourceTree = "<group>";
		};
		0A9E91B9233E95AC0077CF5C /* Grid */ = {
			isa = PBXGroup;
			children = (
				0A4F1B1B233DAE1E00546749 /* GridView.swift */,
				0A9E91BA233E95BD0077CF5C /* GridItemView.swift */,
			);
			path = Grid;
			sourceTree = "<group>";
		};
		0AA0C00E235E29E700DDAAB3 /* Factory */ = {
			isa = PBXGroup;
			children = (
				0AA0C006235E0D5300DDAAB3 /* ProxyFactory.swift */,
				0AA0C008235E1A2A00DDAAB3 /* ProxyFactoryProtocol.swift */,
				0AA0C00A235E1A4400DDAAB3 /* RealProxyFactory.swift */,
				0AA0C00C235E1B5D00DDAAB3 /* MockProxyFactory.swift */,
			);
			path = Factory;
			sourceTree = "<group>";
		};
		0AAAFC30233FB4AE00059F07 /* Helpers */ = {
			isa = PBXGroup;
			children = (
				0AAAFC31233FB4BB00059F07 /* AssetColors.swift */,
				0AAAFC4C233FC21100059F07 /* MockData.swift */,
				0A0118232343C62C00AEC9FE /* AssetFonts.swift */,
			);
			path = Helpers;
			sourceTree = "<group>";
		};
		0AAAFC33233FB8EE00059F07 /* ViewComponents */ = {
			isa = PBXGroup;
			children = (
				0A9E91B9233E95AC0077CF5C /* Grid */,
				0A9E91BE233F02B00077CF5C /* Circles.swift */,
				0AAAFC2E233FB19900059F07 /* LoadingIndicator.swift */,
				0A482ADF23404F74003FB54B /* BottomFab.swift */,
				0ADC977D2351102E0053FB4B /* SideMenu.swift */,
			);
			path = ViewComponents;
			sourceTree = "<group>";
		};
		0AAAFC34233FB93300059F07 /* ViewModels */ = {
			isa = PBXGroup;
			children = (
				0A482AF82342B519003FB54B /* AuthState */,
				0A482AE3234051FD003FB54B /* YourWishlistViewModel.swift */,
				0A482AF32342B328003FB54B /* AuthViewModel.swift */,
				0A4719B5234F895300EA0C04 /* SearchViewModel.swift */,
			);
			path = ViewModels;
			sourceTree = "<group>";
		};
		0AAAFC37233FB9F400059F07 /* Services */ = {
			isa = PBXGroup;
			children = (
				0AAAFC3A233FBA9200059F07 /* LoginService.swift */,
				0AAAFC3C233FBAB200059F07 /* SignUpService.swift */,
				0AAAFC54234040AB00059F07 /* CreateItemService.swift */,
				0A4719B7234F8FA100EA0C04 /* SearchService.swift */,
			);
			path = Services;
			sourceTree = "<group>";
		};
		0AAAFC3F233FBF9A00059F07 /* Mock */ = {
			isa = PBXGroup;
			children = (
				0AAAFC47233FC10E00059F07 /* MockLoginProxy.swift */,
				0AAAFC5223403F8800059F07 /* MockCreateItemProxy.swift */,
				0A0118272343F72A00AEC9FE /* MockSignUpProxy.swift */,
				0A4719BB234F9E9D00EA0C04 /* MockSearchProxy.swift */,
			);
			path = Mock;
			sourceTree = "<group>";
		};
		0AAAFC40233FBF9E00059F07 /* Real */ = {
			isa = PBXGroup;
			children = (
				0A97A9082360DAB700A79D06 /* Request.swift */,
				0AA0C00F235E2B3400DDAAB3 /* LoginProxy.swift */,
				0AA0C011235E2B3E00DDAAB3 /* SignUpProxy.swift */,
				0AA0C013235E2B4700DDAAB3 /* SearchProxy.swift */,
			);
			path = Real;
			sourceTree = "<group>";
		};
		0AAAFC41233FC06C00059F07 /* Proxy */ = {
			isa = PBXGroup;
			children = (
				0A6C053F2360D5B800728B81 /* NetworkError.swift */,
				0AAAFC42233FC07700059F07 /* Protocols */,
				0AAAFC40233FBF9E00059F07 /* Real */,
				0AAAFC3F233FBF9A00059F07 /* Mock */,
				0AA0C00E235E29E700DDAAB3 /* Factory */,
			);
			path = Proxy;
			sourceTree = "<group>";
		};
		0AAAFC42233FC07700059F07 /* Protocols */ = {
			isa = PBXGroup;
			children = (
				0AAAFC43233FC09400059F07 /* Login.swift */,
				0AAAFC5023403F1100059F07 /* CreateItem.swift */,
				0A0118252343F46F00AEC9FE /* SignUp.swift */,
				0A4719B9234F9E6600EA0C04 /* Search.swift */,
			);
			path = Protocols;
			sourceTree = "<group>";
		};
		0AAAFC49233FC19200059F07 /* Models */ = {
			isa = PBXGroup;
			children = (
				0AAAFC4A233FC1AD00059F07 /* User.swift */,
				0AAAFC4E23403DCD00059F07 /* Item.swift */,
				0A482AE523411CDD003FB54B /* Wishlist.swift */,
				0A0C2B302364EDDD00D0A059 /* SearchResponse.swift */,
			);
			path = Models;
			sourceTree = "<group>";
		};
		2788BAEE939734A1E7D4B43A /* Frameworks */ = {
			isa = PBXGroup;
			children = (
				D63A7F4B69FB4D6CF3D91B12 /* Pods_Wishlist.framework */,
			);
			name = Frameworks;
			sourceTree = "<group>";
		};
		82FF4C42FFDE83C44B72B7D7 /* Pods */ = {
			isa = PBXGroup;
			children = (
				597BEBDADA30DCA8E1FBDDDE /* Pods-Wishlist.debug.xcconfig */,
				0E91F7E1377140C1BCF75A51 /* Pods-Wishlist.release.xcconfig */,
			);
			path = Pods;
			sourceTree = "<group>";
		};
/* End PBXGroup section */

/* Begin PBXNativeTarget section */
		0A4F1B03233D824700546749 /* Wishlist */ = {
			isa = PBXNativeTarget;
			buildConfigurationList = 0A4F1B18233D824700546749 /* Build configuration list for PBXNativeTarget "Wishlist" */;
			buildPhases = (
				FDBAF0E08F0E868970371E10 /* [CP] Check Pods Manifest.lock */,
				0A4F1B00233D824700546749 /* Sources */,
				0A4F1B01233D824700546749 /* Frameworks */,
				0A4F1B02233D824700546749 /* Resources */,
				6203793E7F94F13F61069680 /* [CP] Embed Pods Frameworks */,
			);
			buildRules = (
			);
			dependencies = (
			);
			name = Wishlist;
			packageProductDependencies = (
				0A0C2B332364F2E000D0A059 /* URLImage */,
			);
			productName = Wishlist;
			productReference = 0A4F1B04233D824700546749 /* Wishlist.app */;
			productType = "com.apple.product-type.application";
		};
/* End PBXNativeTarget section */

/* Begin PBXProject section */
		0A4F1AFC233D824700546749 /* Project object */ = {
			isa = PBXProject;
			attributes = {
				LastSwiftUpdateCheck = 1100;
				LastUpgradeCheck = 1100;
				ORGANIZATIONNAME = "Kurtis Hill";
				TargetAttributes = {
					0A4F1B03233D824700546749 = {
						CreatedOnToolsVersion = 11.0;
					};
				};
			};
			buildConfigurationList = 0A4F1AFF233D824700546749 /* Build configuration list for PBXProject "Wishlist" */;
			compatibilityVersion = "Xcode 9.3";
			developmentRegion = en;
			hasScannedForEncodings = 0;
			knownRegions = (
				en,
				Base,
			);
			mainGroup = 0A4F1AFB233D824700546749;
			packageReferences = (
				0A0C2B322364F2E000D0A059 /* XCRemoteSwiftPackageReference "url-image" */,
			);
			productRefGroup = 0A4F1B05233D824700546749 /* Products */;
			projectDirPath = "";
			projectRoot = "";
			targets = (
				0A4F1B03233D824700546749 /* Wishlist */,
			);
		};
/* End PBXProject section */

/* Begin PBXResourcesBuildPhase section */
		0A4F1B02233D824700546749 /* Resources */ = {
			isa = PBXResourcesBuildPhase;
			buildActionMask = 2147483647;
			files = (
				0A4F1B14233D824700546749 /* LaunchScreen.storyboard in Resources */,
				0A4F1B11233D824700546749 /* Preview Assets.xcassets in Resources */,
				0A9E91B7233E48540077CF5C /* Montserrat-Medium.ttf in Resources */,
				0A4F1B0E233D824700546749 /* Assets.xcassets in Resources */,
			);
			runOnlyForDeploymentPostprocessing = 0;
		};
/* End PBXResourcesBuildPhase section */

/* Begin PBXShellScriptBuildPhase section */
		6203793E7F94F13F61069680 /* [CP] Embed Pods Frameworks */ = {
			isa = PBXShellScriptBuildPhase;
			buildActionMask = 2147483647;
			files = (
			);
			inputFileListPaths = (
				"${PODS_ROOT}/Target Support Files/Pods-Wishlist/Pods-Wishlist-frameworks-${CONFIGURATION}-input-files.xcfilelist",
			);
			name = "[CP] Embed Pods Frameworks";
			outputFileListPaths = (
				"${PODS_ROOT}/Target Support Files/Pods-Wishlist/Pods-Wishlist-frameworks-${CONFIGURATION}-output-files.xcfilelist",
			);
			runOnlyForDeploymentPostprocessing = 0;
			shellPath = /bin/sh;
			shellScript = "\"${PODS_ROOT}/Target Support Files/Pods-Wishlist/Pods-Wishlist-frameworks.sh\"\n";
			showEnvVarsInLog = 0;
		};
		FDBAF0E08F0E868970371E10 /* [CP] Check Pods Manifest.lock */ = {
			isa = PBXShellScriptBuildPhase;
			buildActionMask = 2147483647;
			files = (
			);
			inputFileListPaths = (
			);
			inputPaths = (
				"${PODS_PODFILE_DIR_PATH}/Podfile.lock",
				"${PODS_ROOT}/Manifest.lock",
			);
			name = "[CP] Check Pods Manifest.lock";
			outputFileListPaths = (
			);
			outputPaths = (
				"$(DERIVED_FILE_DIR)/Pods-Wishlist-checkManifestLockResult.txt",
			);
			runOnlyForDeploymentPostprocessing = 0;
			shellPath = /bin/sh;
			shellScript = "diff \"${PODS_PODFILE_DIR_PATH}/Podfile.lock\" \"${PODS_ROOT}/Manifest.lock\" > /dev/null\nif [ $? != 0 ] ; then\n    # print error to STDERR\n    echo \"error: The sandbox is not in sync with the Podfile.lock. Run 'pod install' or update your CocoaPods installation.\" >&2\n    exit 1\nfi\n# This output is used by Xcode 'outputs' to avoid re-running this script phase.\necho \"SUCCESS\" > \"${SCRIPT_OUTPUT_FILE_0}\"\n";
			showEnvVarsInLog = 0;
		};
/* End PBXShellScriptBuildPhase section */

/* Begin PBXSourcesBuildPhase section */
		0A4F1B00233D824700546749 /* Sources */ = {
			isa = PBXSourcesBuildPhase;
			buildActionMask = 2147483647;
			files = (
				0A482AE4234051FD003FB54B /* YourWishlistViewModel.swift in Sources */,
				0AA0C009235E1A2A00DDAAB3 /* ProxyFactoryProtocol.swift in Sources */,
				0A4719B6234F895300EA0C04 /* SearchViewModel.swift in Sources */,
				0A4F1B08233D824700546749 /* AppDelegate.swift in Sources */,
				0AAAFC44233FC09400059F07 /* Login.swift in Sources */,
				0AAAFC4D233FC21100059F07 /* MockData.swift in Sources */,
				0A482AE223405021003FB54B /* YourWishlistView.swift in Sources */,
				0AA0C00B235E1A4400DDAAB3 /* RealProxyFactory.swift in Sources */,
				0A4719B4234F7A6B00EA0C04 /* SearchView.swift in Sources */,
				0ADC977C2350EC480053FB4B /* AuthView.swift in Sources */,
				0AAAFC5323403F8800059F07 /* MockCreateItemProxy.swift in Sources */,
				0A4719B8234F8FA100EA0C04 /* SearchService.swift in Sources */,
				0AAAFC3D233FBAB200059F07 /* SignUpService.swift in Sources */,
				0AAAFC4B233FC1AD00059F07 /* User.swift in Sources */,
				0AA0C014235E2B4700DDAAB3 /* SearchProxy.swift in Sources */,
				0A9E91BF233F02B00077CF5C /* Circles.swift in Sources */,
				0A482AE623411CDD003FB54B /* Wishlist.swift in Sources */,
				0AAAFC3B233FBA9200059F07 /* LoginService.swift in Sources */,
				0A4719BA234F9E6600EA0C04 /* Search.swift in Sources */,
				0A482AE92341407E003FB54B /* ArrayExtensions.swift in Sources */,
				0A0C2B312364EDDD00D0A059 /* SearchResponse.swift in Sources */,
				0AAAFC48233FC10E00059F07 /* MockLoginProxy.swift in Sources */,
				0AAAFC4F23403DCD00059F07 /* Item.swift in Sources */,
				0AAAFC55234040AB00059F07 /* CreateItemService.swift in Sources */,
				0ADC977E2351102E0053FB4B /* SideMenu.swift in Sources */,
				0A0118242343C62C00AEC9FE /* AssetFonts.swift in Sources */,
				0A6C05402360D5B800728B81 /* NetworkError.swift in Sources */,
				0A482AF62342B440003FB54B /* AuthFormView.swift in Sources */,
				0A482AFE2342B581003FB54B /* SignUpState.swift in Sources */,
				0A4F1B0A233D824700546749 /* SceneDelegate.swift in Sources */,
				0AA0C007235E0D5300DDAAB3 /* ProxyFactory.swift in Sources */,
				0A4F1B1C233DAE1E00546749 /* GridView.swift in Sources */,
				0A482AF42342B328003FB54B /* AuthViewModel.swift in Sources */,
				0AA0C010235E2B3400DDAAB3 /* LoginProxy.swift in Sources */,
				0AAAFC2F233FB19900059F07 /* LoadingIndicator.swift in Sources */,
				0A482AE023404F74003FB54B /* BottomFab.swift in Sources */,
				0AA0C012235E2B3E00DDAAB3 /* SignUpProxy.swift in Sources */,
				0A482AFC2342B56F003FB54B /* LoginState.swift in Sources */,
				0A97A9092360DAB700A79D06 /* Request.swift in Sources */,
				0AAAFC32233FB4BB00059F07 /* AssetColors.swift in Sources */,
				0A4719BC234F9E9D00EA0C04 /* MockSearchProxy.swift in Sources */,
				0AA0C00D235E1B5D00DDAAB3 /* MockProxyFactory.swift in Sources */,
				0A0118282343F72A00AEC9FE /* MockSignUpProxy.swift in Sources */,
				0AAAFC5123403F1100059F07 /* CreateItem.swift in Sources */,
				0A482AFA2342B527003FB54B /* AuthState.swift in Sources */,
				0A0C2B362364F32E00D0A059 /* StringExtensions.swift in Sources */,
				0A0118262343F46F00AEC9FE /* SignUp.swift in Sources */,
				0A4F1B0C233D824700546749 /* HomeView.swift in Sources */,
				0A9E91BB233E95BD0077CF5C /* GridItemView.swift in Sources */,
			);
			runOnlyForDeploymentPostprocessing = 0;
		};
/* End PBXSourcesBuildPhase section */

/* Begin PBXVariantGroup section */
		0A4F1B12233D824700546749 /* LaunchScreen.storyboard */ = {
			isa = PBXVariantGroup;
			children = (
				0A4F1B13233D824700546749 /* Base */,
			);
			name = LaunchScreen.storyboard;
			sourceTree = "<group>";
		};
/* End PBXVariantGroup section */

/* Begin XCBuildConfiguration section */
		0A4F1B16233D824700546749 /* Debug */ = {
			isa = XCBuildConfiguration;
			buildSettings = {
				ALWAYS_SEARCH_USER_PATHS = NO;
				CLANG_ANALYZER_NONNULL = YES;
				CLANG_ANALYZER_NUMBER_OBJECT_CONVERSION = YES_AGGRESSIVE;
				CLANG_CXX_LANGUAGE_STANDARD = "gnu++14";
				CLANG_CXX_LIBRARY = "libc++";
				CLANG_ENABLE_MODULES = YES;
				CLANG_ENABLE_OBJC_ARC = YES;
				CLANG_ENABLE_OBJC_WEAK = YES;
				CLANG_WARN_BLOCK_CAPTURE_AUTORELEASING = YES;
				CLANG_WARN_BOOL_CONVERSION = YES;
				CLANG_WARN_COMMA = YES;
				CLANG_WARN_CONSTANT_CONVERSION = YES;
				CLANG_WARN_DEPRECATED_OBJC_IMPLEMENTATIONS = YES;
				CLANG_WARN_DIRECT_OBJC_ISA_USAGE = YES_ERROR;
				CLANG_WARN_DOCUMENTATION_COMMENTS = YES;
				CLANG_WARN_EMPTY_BODY = YES;
				CLANG_WARN_ENUM_CONVERSION = YES;
				CLANG_WARN_INFINITE_RECURSION = YES;
				CLANG_WARN_INT_CONVERSION = YES;
				CLANG_WARN_NON_LITERAL_NULL_CONVERSION = YES;
				CLANG_WARN_OBJC_IMPLICIT_RETAIN_SELF = YES;
				CLANG_WARN_OBJC_LITERAL_CONVERSION = YES;
				CLANG_WARN_OBJC_ROOT_CLASS = YES_ERROR;
				CLANG_WARN_RANGE_LOOP_ANALYSIS = YES;
				CLANG_WARN_STRICT_PROTOTYPES = YES;
				CLANG_WARN_SUSPICIOUS_MOVE = YES;
				CLANG_WARN_UNGUARDED_AVAILABILITY = YES_AGGRESSIVE;
				CLANG_WARN_UNREACHABLE_CODE = YES;
				CLANG_WARN__DUPLICATE_METHOD_MATCH = YES;
				COPY_PHASE_STRIP = NO;
				DEBUG_INFORMATION_FORMAT = dwarf;
				ENABLE_STRICT_OBJC_MSGSEND = YES;
				ENABLE_TESTABILITY = YES;
				GCC_C_LANGUAGE_STANDARD = gnu11;
				GCC_DYNAMIC_NO_PIC = NO;
				GCC_NO_COMMON_BLOCKS = YES;
				GCC_OPTIMIZATION_LEVEL = 0;
				GCC_PREPROCESSOR_DEFINITIONS = (
					"DEBUG=1",
					"$(inherited)",
				);
				GCC_WARN_64_TO_32_BIT_CONVERSION = YES;
				GCC_WARN_ABOUT_RETURN_TYPE = YES_ERROR;
				GCC_WARN_UNDECLARED_SELECTOR = YES;
				GCC_WARN_UNINITIALIZED_AUTOS = YES_AGGRESSIVE;
				GCC_WARN_UNUSED_FUNCTION = YES;
				GCC_WARN_UNUSED_VARIABLE = YES;
				IPHONEOS_DEPLOYMENT_TARGET = 13.0;
				MTL_ENABLE_DEBUG_INFO = INCLUDE_SOURCE;
				MTL_FAST_MATH = YES;
				ONLY_ACTIVE_ARCH = YES;
				SDKROOT = iphoneos;
				SWIFT_ACTIVE_COMPILATION_CONDITIONS = DEBUG;
				SWIFT_OPTIMIZATION_LEVEL = "-Onone";
			};
			name = Debug;
		};
		0A4F1B17233D824700546749 /* Release */ = {
			isa = XCBuildConfiguration;
			buildSettings = {
				ALWAYS_SEARCH_USER_PATHS = NO;
				CLANG_ANALYZER_NONNULL = YES;
				CLANG_ANALYZER_NUMBER_OBJECT_CONVERSION = YES_AGGRESSIVE;
				CLANG_CXX_LANGUAGE_STANDARD = "gnu++14";
				CLANG_CXX_LIBRARY = "libc++";
				CLANG_ENABLE_MODULES = YES;
				CLANG_ENABLE_OBJC_ARC = YES;
				CLANG_ENABLE_OBJC_WEAK = YES;
				CLANG_WARN_BLOCK_CAPTURE_AUTORELEASING = YES;
				CLANG_WARN_BOOL_CONVERSION = YES;
				CLANG_WARN_COMMA = YES;
				CLANG_WARN_CONSTANT_CONVERSION = YES;
				CLANG_WARN_DEPRECATED_OBJC_IMPLEMENTATIONS = YES;
				CLANG_WARN_DIRECT_OBJC_ISA_USAGE = YES_ERROR;
				CLANG_WARN_DOCUMENTATION_COMMENTS = YES;
				CLANG_WARN_EMPTY_BODY = YES;
				CLANG_WARN_ENUM_CONVERSION = YES;
				CLANG_WARN_INFINITE_RECURSION = YES;
				CLANG_WARN_INT_CONVERSION = YES;
				CLANG_WARN_NON_LITERAL_NULL_CONVERSION = YES;
				CLANG_WARN_OBJC_IMPLICIT_RETAIN_SELF = YES;
				CLANG_WARN_OBJC_LITERAL_CONVERSION = YES;
				CLANG_WARN_OBJC_ROOT_CLASS = YES_ERROR;
				CLANG_WARN_RANGE_LOOP_ANALYSIS = YES;
				CLANG_WARN_STRICT_PROTOTYPES = YES;
				CLANG_WARN_SUSPICIOUS_MOVE = YES;
				CLANG_WARN_UNGUARDED_AVAILABILITY = YES_AGGRESSIVE;
				CLANG_WARN_UNREACHABLE_CODE = YES;
				CLANG_WARN__DUPLICATE_METHOD_MATCH = YES;
				COPY_PHASE_STRIP = NO;
				DEBUG_INFORMATION_FORMAT = "dwarf-with-dsym";
				ENABLE_NS_ASSERTIONS = NO;
				ENABLE_STRICT_OBJC_MSGSEND = YES;
				GCC_C_LANGUAGE_STANDARD = gnu11;
				GCC_NO_COMMON_BLOCKS = YES;
				GCC_WARN_64_TO_32_BIT_CONVERSION = YES;
				GCC_WARN_ABOUT_RETURN_TYPE = YES_ERROR;
				GCC_WARN_UNDECLARED_SELECTOR = YES;
				GCC_WARN_UNINITIALIZED_AUTOS = YES_AGGRESSIVE;
				GCC_WARN_UNUSED_FUNCTION = YES;
				GCC_WARN_UNUSED_VARIABLE = YES;
				IPHONEOS_DEPLOYMENT_TARGET = 13.0;
				MTL_ENABLE_DEBUG_INFO = NO;
				MTL_FAST_MATH = YES;
				SDKROOT = iphoneos;
				SWIFT_COMPILATION_MODE = wholemodule;
				SWIFT_OPTIMIZATION_LEVEL = "-O";
				VALIDATE_PRODUCT = YES;
			};
			name = Release;
		};
		0A4F1B19233D824700546749 /* Debug */ = {
			isa = XCBuildConfiguration;
			baseConfigurationReference = 597BEBDADA30DCA8E1FBDDDE /* Pods-Wishlist.debug.xcconfig */;
			buildSettings = {
				ASSETCATALOG_COMPILER_APPICON_NAME = AppIcon;
				CODE_SIGN_STYLE = Automatic;
				DEVELOPMENT_ASSET_PATHS = "\"Wishlist/Preview Content\"";
				DEVELOPMENT_TEAM = FAXVAY2XBT;
				ENABLE_PREVIEWS = YES;
				INFOPLIST_FILE = Wishlist/Info.plist;
				LD_RUNPATH_SEARCH_PATHS = (
					"$(inherited)",
					"@executable_path/Frameworks",
				);
				PRODUCT_BUNDLE_IDENTIFIER = com.kurt.Wishlist;
				PRODUCT_NAME = "$(TARGET_NAME)";
				SWIFT_VERSION = 5.0;
				TARGETED_DEVICE_FAMILY = "1,2";
			};
			name = Debug;
		};
		0A4F1B1A233D824700546749 /* Release */ = {
			isa = XCBuildConfiguration;
			baseConfigurationReference = 0E91F7E1377140C1BCF75A51 /* Pods-Wishlist.release.xcconfig */;
			buildSettings = {
				ASSETCATALOG_COMPILER_APPICON_NAME = AppIcon;
				CODE_SIGN_STYLE = Automatic;
				DEVELOPMENT_ASSET_PATHS = "\"Wishlist/Preview Content\"";
				DEVELOPMENT_TEAM = FAXVAY2XBT;
				ENABLE_PREVIEWS = YES;
				INFOPLIST_FILE = Wishlist/Info.plist;
				LD_RUNPATH_SEARCH_PATHS = (
					"$(inherited)",
					"@executable_path/Frameworks",
				);
				PRODUCT_BUNDLE_IDENTIFIER = com.kurt.Wishlist;
				PRODUCT_NAME = "$(TARGET_NAME)";
				SWIFT_VERSION = 5.0;
				TARGETED_DEVICE_FAMILY = "1,2";
			};
			name = Release;
		};
/* End XCBuildConfiguration section */

/* Begin XCConfigurationList section */
		0A4F1AFF233D824700546749 /* Build configuration list for PBXProject "Wishlist" */ = {
			isa = XCConfigurationList;
			buildConfigurations = (
				0A4F1B16233D824700546749 /* Debug */,
				0A4F1B17233D824700546749 /* Release */,
			);
			defaultConfigurationIsVisible = 0;
			defaultConfigurationName = Release;
		};
		0A4F1B18233D824700546749 /* Build configuration list for PBXNativeTarget "Wishlist" */ = {
			isa = XCConfigurationList;
			buildConfigurations = (
				0A4F1B19233D824700546749 /* Debug */,
				0A4F1B1A233D824700546749 /* Release */,
			);
			defaultConfigurationIsVisible = 0;
			defaultConfigurationName = Release;
		};
/* End XCConfigurationList section */

/* Begin XCRemoteSwiftPackageReference section */
		0A0C2B322364F2E000D0A059 /* XCRemoteSwiftPackageReference "url-image" */ = {
			isa = XCRemoteSwiftPackageReference;
			repositoryURL = "https://github.com/dmytro-anokhin/url-image";
			requirement = {
				kind = upToNextMajorVersion;
				minimumVersion = 0.9.8;
			};
		};
/* End XCRemoteSwiftPackageReference section */

/* Begin XCSwiftPackageProductDependency section */
		0A0C2B332364F2E000D0A059 /* URLImage */ = {
			isa = XCSwiftPackageProductDependency;
			package = 0A0C2B322364F2E000D0A059 /* XCRemoteSwiftPackageReference "url-image" */;
			productName = URLImage;
		};
/* End XCSwiftPackageProductDependency section */
	};
	rootObject = 0A4F1AFC233D824700546749 /* Project object */;
}
